// !$*UTF8*$!
{
	archiveVersion = 1;
	classes = {
	};
	objectVersion = 46;
	objects = {

/* Begin PBXBuildFile section */
		01A07EC318A2E5BC00189DD6 /* Foundation.framework in Frameworks */ = {isa = PBXBuildFile; fileRef = 01A07EC218A2E5BC00189DD6 /* Foundation.framework */; };
		01A07EC718A2E76800189DD6 /* libTestFlight.a in Frameworks */ = {isa = PBXBuildFile; fileRef = FAB6DFDB1756F22200C90D89 /* libTestFlight.a */; };
		01A07EC918A2E7F200189DD6 /* libz.dylib in Frameworks */ = {isa = PBXBuildFile; fileRef = 01A07EC818A2E7F200189DD6 /* libz.dylib */; };
		FAB6DFE01756F29800C90D89 /* AnalyticsTestFlight.m in Sources */ = {isa = PBXBuildFile; fileRef = FAB6DFDF1756F29800C90D89 /* AnalyticsTestFlight.m */; };
/* End PBXBuildFile section */

/* Begin PBXCopyFilesBuildPhase section */
		FA09A370168AFD41008C1C7B /* CopyFiles */ = {
			isa = PBXCopyFilesBuildPhase;
			buildActionMask = 2147483647;
			dstPath = "include/${PRODUCT_NAME}";
			dstSubfolderSpec = 16;
			files = (
			);
			runOnlyForDeploymentPostprocessing = 0;
		};
/* End PBXCopyFilesBuildPhase section */

/* Begin PBXFileReference section */
		01A07EC118A2E15800189DD6 /* TestFlight.h */ = {isa = PBXFileReference; fileEncoding = 4; lastKnownFileType = sourcecode.c.h; path = TestFlight.h; sourceTree = "<group>"; };
		01A07EC218A2E5BC00189DD6 /* Foundation.framework */ = {isa = PBXFileReference; lastKnownFileType = wrapper.framework; name = Foundation.framework; path = System/Library/Frameworks/Foundation.framework; sourceTree = SDKROOT; };
		01A07EC418A2E5CC00189DD6 /* PluginTestFlight-Prefix.pch */ = {isa = PBXFileReference; fileEncoding = 4; lastKnownFileType = sourcecode.c.h; path = "PluginTestFlight-Prefix.pch"; sourceTree = "<group>"; };
		01A07EC518A2E65E00189DD6 /* TestFlight+AsyncLogging.h */ = {isa = PBXFileReference; fileEncoding = 4; lastKnownFileType = sourcecode.c.h; path = "TestFlight+AsyncLogging.h"; sourceTree = "<group>"; };
		01A07EC618A2E65E00189DD6 /* TestFlight+ManualSessions.h */ = {isa = PBXFileReference; fileEncoding = 4; lastKnownFileType = sourcecode.c.h; path = "TestFlight+ManualSessions.h"; sourceTree = "<group>"; };
		01A07EC818A2E7F200189DD6 /* libz.dylib */ = {isa = PBXFileReference; lastKnownFileType = "compiled.mach-o.dylib"; name = libz.dylib; path = usr/lib/libz.dylib; sourceTree = SDKROOT; };
		FA09A372168AFD41008C1C7B /* libPluginTestFlight.a */ = {isa = PBXFileReference; explicitFileType = archive.ar; includeInIndex = 0; path = libPluginTestFlight.a; sourceTree = BUILT_PRODUCTS_DIR; };
		FAB6DFDB1756F22200C90D89 /* libTestFlight.a */ = {isa = PBXFileReference; lastKnownFileType = archive.ar; path = libTestFlight.a; sourceTree = "<group>"; };
		FAB6DFDE1756F29800C90D89 /* AnalyticsTestFlight.h */ = {isa = PBXFileReference; fileEncoding = 4; lastKnownFileType = sourcecode.c.h; path = AnalyticsTestFlight.h; sourceTree = "<group>"; };
		FAB6DFDF1756F29800C90D89 /* AnalyticsTestFlight.m */ = {isa = PBXFileReference; fileEncoding = 4; lastKnownFileType = sourcecode.c.objc; path = AnalyticsTestFlight.m; sourceTree = "<group>"; };
/* End PBXFileReference section */

/* Begin PBXFrameworksBuildPhase section */
		FA09A36F168AFD41008C1C7B /* Frameworks */ = {
			isa = PBXFrameworksBuildPhase;
			buildActionMask = 2147483647;
			files = (
				01A07EC918A2E7F200189DD6 /* libz.dylib in Frameworks */,
				01A07EC718A2E76800189DD6 /* libTestFlight.a in Frameworks */,
				01A07EC318A2E5BC00189DD6 /* Foundation.framework in Frameworks */,
			);
			runOnlyForDeploymentPostprocessing = 0;
		};
/* End PBXFrameworksBuildPhase section */

/* Begin PBXGroup section */
		FA09A367168AFD41008C1C7B = {
			isa = PBXGroup;
			children = (
				01A07EC818A2E7F200189DD6 /* libz.dylib */,
				01A07EC518A2E65E00189DD6 /* TestFlight+AsyncLogging.h */,
				01A07EC618A2E65E00189DD6 /* TestFlight+ManualSessions.h */,
				01A07EC418A2E5CC00189DD6 /* PluginTestFlight-Prefix.pch */,
				01A07EC118A2E15800189DD6 /* TestFlight.h */,
				FAB6DFDE1756F29800C90D89 /* AnalyticsTestFlight.h */,
				FAB6DFDF1756F29800C90D89 /* AnalyticsTestFlight.m */,
				FA09A374168AFD41008C1C7B /* Frameworks */,
				FA09A373168AFD41008C1C7B /* Products */,
			);
			sourceTree = "<group>";
		};
		FA09A373168AFD41008C1C7B /* Products */ = {
			isa = PBXGroup;
			children = (
				FA09A372168AFD41008C1C7B /* libPluginTestFlight.a */,
			);
			name = Products;
			sourceTree = "<group>";
		};
		FA09A374168AFD41008C1C7B /* Frameworks */ = {
			isa = PBXGroup;
			children = (
				01A07EC218A2E5BC00189DD6 /* Foundation.framework */,
				FAB6DFDB1756F22200C90D89 /* libTestFlight.a */,
			);
			name = Frameworks;
			sourceTree = "<group>";
		};
/* End PBXGroup section */

/* Begin PBXNativeTarget section */
		FA09A371168AFD41008C1C7B /* PluginTestFlight */ = {
			isa = PBXNativeTarget;
			buildConfigurationList = FA09A380168AFD41008C1C7B /* Build configuration list for PBXNativeTarget "PluginTestFlight" */;
			buildPhases = (
				FA09A36E168AFD41008C1C7B /* Sources */,
				FA09A36F168AFD41008C1C7B /* Frameworks */,
				FA09A370168AFD41008C1C7B /* CopyFiles */,
			);
			buildRules = (
			);
			dependencies = (
			);
			name = PluginTestFlight;
			productName = libPluginTestFlight;
			productReference = FA09A372168AFD41008C1C7B /* libPluginTestFlight.a */;
			productType = "com.apple.product-type.library.static";
		};
/* End PBXNativeTarget section */

/* Begin PBXProject section */
		FA09A369168AFD41008C1C7B /* Project object */ = {
			isa = PBXProject;
			attributes = {
				LastUpgradeCheck = 0460;
				ORGANIZATIONNAME = zhangbin;
			};
			buildConfigurationList = FA09A36C168AFD41008C1C7B /* Build configuration list for PBXProject "PluginTestFlight" */;
			compatibilityVersion = "Xcode 3.2";
			developmentRegion = English;
			hasScannedForEncodings = 0;
			knownRegions = (
				en,
			);
			mainGroup = FA09A367168AFD41008C1C7B;
			productRefGroup = FA09A373168AFD41008C1C7B /* Products */;
			projectDirPath = "";
			projectRoot = "";
			targets = (
				FA09A371168AFD41008C1C7B /* PluginTestFlight */,
			);
		};
/* End PBXProject section */

/* Begin PBXSourcesBuildPhase section */
		FA09A36E168AFD41008C1C7B /* Sources */ = {
			isa = PBXSourcesBuildPhase;
			buildActionMask = 2147483647;
			files = (
				FAB6DFE01756F29800C90D89 /* AnalyticsTestFlight.m in Sources */,
			);
			runOnlyForDeploymentPostprocessing = 0;
		};
/* End PBXSourcesBuildPhase section */

/* Begin XCBuildConfiguration section */
		FA09A37E168AFD41008C1C7B /* Debug */ = {
			isa = XCBuildConfiguration;
			buildSettings = {
				ALWAYS_SEARCH_USER_PATHS = NO;
				ARCHS = "$(ARCHS_STANDARD_32_BIT)";
				CLANG_CXX_LANGUAGE_STANDARD = "gnu++0x";
				CLANG_CXX_LIBRARY = "libc++";
				CLANG_WARN_CONSTANT_CONVERSION = YES;
				CLANG_WARN_ENUM_CONVERSION = YES;
				CLANG_WARN_INT_CONVERSION = YES;
				CLANG_WARN__DUPLICATE_METHOD_MATCH = YES;
				COPY_PHASE_STRIP = NO;
				GCC_C_LANGUAGE_STANDARD = gnu99;
				GCC_DYNAMIC_NO_PIC = NO;
				GCC_OPTIMIZATION_LEVEL = 0;
				GCC_PREPROCESSOR_DEFINITIONS = (
					"DEBUG=1",
					"$(inherited)",
				);
				GCC_SYMBOLS_PRIVATE_EXTERN = NO;
				GCC_VERSION = com.apple.compilers.llvm.clang.1_0;
				GCC_WARN_ABOUT_RETURN_TYPE = YES;
				GCC_WARN_UNINITIALIZED_AUTOS = YES;
				GCC_WARN_UNUSED_VARIABLE = YES;
				IPHONEOS_DEPLOYMENT_TARGET = 5.1;
				SDKROOT = iphoneos;
			};
			name = Debug;
		};
		FA09A37F168AFD41008C1C7B /* Release */ = {
			isa = XCBuildConfiguration;
			buildSettings = {
				ALWAYS_SEARCH_USER_PATHS = NO;
				ARCHS = "$(ARCHS_STANDARD_32_BIT)";
				CLANG_CXX_LANGUAGE_STANDARD = "gnu++0x";
				CLANG_CXX_LIBRARY = "libc++";
				CLANG_WARN_CONSTANT_CONVERSION = YES;
				CLANG_WARN_ENUM_CONVERSION = YES;
				CLANG_WARN_INT_CONVERSION = YES;
				CLANG_WARN__DUPLICATE_METHOD_MATCH = YES;
				COPY_PHASE_STRIP = YES;
				GCC_C_LANGUAGE_STANDARD = gnu99;
				GCC_VERSION = com.apple.compilers.llvm.clang.1_0;
				GCC_WARN_ABOUT_RETURN_TYPE = YES;
				GCC_WARN_UNINITIALIZED_AUTOS = YES;
				GCC_WARN_UNUSED_VARIABLE = YES;
				IPHONEOS_DEPLOYMENT_TARGET = 5.1;
				SDKROOT = iphoneos;
				VALIDATE_PRODUCT = YES;
			};
			name = Release;
		};
		FA09A381168AFD41008C1C7B /* Debug */ = {
			isa = XCBuildConfiguration;
			buildSettings = {
				CLANG_CXX_LANGUAGE_STANDARD = "compiler-default";
				CLANG_CXX_LIBRARY = "compiler-default";
				DSTROOT = /tmp/libPluginTestFlight.dst;
				GCC_C_LANGUAGE_STANDARD = "compiler-default";
				GCC_PRECOMPILE_PREFIX_HEADER = YES;
				GCC_PREFIX_HEADER = "PluginTestFlight-Prefix.pch";
				HEADER_SEARCH_PATHS = "$(SRCROOT)/../../../protocols/platform/ios";
				LIBRARY_SEARCH_PATHS = (
					"$(inherited)",
					"\"$(SRCROOT)/../platform/ios\"",
					"\"$(SRCROOT)\"",
				);
				OTHER_LDFLAGS = "-ObjC";
				PRODUCT_NAME = PluginTestFlight;
				SKIP_INSTALL = YES;
			};
			name = Debug;
		};
		FA09A382168AFD41008C1C7B /* Release */ = {
			isa = XCBuildConfiguration;
			buildSettings = {
				CLANG_CXX_LANGUAGE_STANDARD = "compiler-default";
				CLANG_CXX_LIBRARY = "compiler-default";
				DSTROOT = /tmp/libPluginTestFlight.dst;
				GCC_C_LANGUAGE_STANDARD = "compiler-default";
				GCC_PRECOMPILE_PREFIX_HEADER = YES;
				GCC_PREFIX_HEADER = "PluginTestFlight-Prefix.pch";
				HEADER_SEARCH_PATHS = "$(SRCROOT)/../../../protocols/platform/ios";
				LIBRARY_SEARCH_PATHS = (
					"$(inherited)",
					"\"$(SRCROOT)/../platform/ios\"",
					"\"$(SRCROOT)\"",
				);
				OTHER_LDFLAGS = "-ObjC";
				PRODUCT_NAME = PluginTestFlight;
				SKIP_INSTALL = YES;
			};
			name = Release;
		};
/* End XCBuildConfiguration section */

/* Begin XCConfigurationList section */
		FA09A36C168AFD41008C1C7B /* Build configuration list for PBXProject "PluginTestFlight" */ = {
			isa = XCConfigurationList;
			buildConfigurations = (
				FA09A37E168AFD41008C1C7B /* Debug */,
				FA09A37F168AFD41008C1C7B /* Release */,
			);
			defaultConfigurationIsVisible = 0;
			defaultConfigurationName = Release;
		};
		FA09A380168AFD41008C1C7B /* Build configuration list for PBXNativeTarget "PluginTestFlight" */ = {
			isa = XCConfigurationList;
			buildConfigurations = (
				FA09A381168AFD41008C1C7B /* Debug */,
				FA09A382168AFD41008C1C7B /* Release */,
			);
			defaultConfigurationIsVisible = 0;
			defaultConfigurationName = Release;
		};
/* End XCConfigurationList section */
	};
	rootObject = FA09A369168AFD41008C1C7B /* Project object */;
}
